
Microsoft Visual Studio Solution File, Format Version 12.00
# Visual Studio Version 16
VisualStudioVersion = 16.0.31313.79
MinimumVisualStudioVersion = 10.0.40219.1
Project("{9A19103F-16F7-4668-BE54-9A1E7A4F7556}") = "GeoDCNN", "GeoDCNN.csproj", "{68C184EF-CE1B-4833-9F38-54C74C1D35C8}"
EndProject
Project("{FAE04EC0-301F-11D3-BF4B-00C04F79EFBC}") = "Temp", "..\Temp\Temp.csproj", "{636FBB66-35B2-4E76-B339-BD25D3EF782D}"
EndProject
Global
	GlobalSection(SolutionConfigurationPlatforms) = preSolution
		Debug|Any CPU = Debug|Any CPU
		Debug|x64 = Debug|x64
		Release|Any CPU = Release|Any CPU
		Release|x64 = Release|x64
	EndGlobalSection
	GlobalSection(ProjectConfigurationPlatforms) = postSolution
		{68C184EF-CE1B-4833-9F38-54C74C1D35C8}.Debug|Any CPU.ActiveCfg = Debug|Any CPU
		{68C184EF-CE1B-4833-9F38-54C74C1D35C8}.Debug|Any CPU.Build.0 = Debug|Any CPU
		{68C184EF-CE1B-4833-9F38-54C74C1D35C8}.Debug|x64.ActiveCfg = Debug|x64
		{68C184EF-CE1B-4833-9F38-54C74C1D35C8}.Debug|x64.Build.0 = Debug|x64
		{68C184EF-CE1B-4833-9F38-54C74C1D35C8}.Release|Any CPU.ActiveCfg = Release|Any CPU
		{68C184EF-CE1B-4833-9F38-54C74C1D35C8}.Release|Any CPU.Build.0 = Release|Any CPU
		{68C184EF-CE1B-4833-9F38-54C74C1D35C8}.Release|x64.ActiveCfg = Release|x64
		{68C184EF-CE1B-4833-9F38-54C74C1D35C8}.Release|x64.Build.0 = Release|x64
		{636FBB66-35B2-4E76-B339-BD25D3EF782D}.Debug|Any CPU.ActiveCfg = Debug|Any CPU
		{636FBB66-35B2-4E76-B339-BD25D3EF782D}.Debug|Any CPU.Build.0 = Debug|Any CPU
		{636FBB66-35B2-4E76-B339-BD25D3EF782D}.Debug|x64.ActiveCfg = Debug|Any CPU
		{636FBB66-35B2-4E76-B339-BD25D3EF782D}.Debug|x64.Build.0 = Debug|Any CPU
		{636FBB66-35B2-4E76-B339-BD25D3EF782D}.Release|Any CPU.ActiveCfg = Release|Any CPU
		{636FBB66-35B2-4E76-B339-BD25D3EF782D}.Release|Any CPU.Build.0 = Release|Any CPU
		{636FBB66-35B2-4E76-B339-BD25D3EF782D}.Release|x64.ActiveCfg = Release|Any CPU
		{636FBB66-35B2-4E76-B339-BD25D3EF782D}.Release|x64.Build.0 = Release|Any CPU
	EndGlobalSection
	GlobalSection(SolutionProperties) = preSolution
		HideSolutionNode = FALSE
	EndGlobalSection
	GlobalSection(ExtensibilityGlobals) = postSolution
		SolutionGuid = {6C9FFB20-B8FB-4C3A-88F1-2850D3A97BE7}
	EndGlobalSection
EndGlobal
